
Microsoft Visual Studio Solution File, Format Version 12.00
Project("{FAE04EC0-301F-11D3-BF4B-00C04F79EFBC}") = "ShporaLive", "ShporaLive\ShporaLive.csproj", "{7106944D-4B24-4BAA-A004-4EA27300E987}"
EndProject
Global
	GlobalSection(SolutionConfigurationPlatforms) = preSolution
		Debug|Any CPU = Debug|Any CPU
		Release|Any CPU = Release|Any CPU
	EndGlobalSection
	GlobalSection(ProjectConfigurationPlatforms) = postSolution
		{7106944D-4B24-4BAA-A004-4EA27300E987}.Debug|Any CPU.ActiveCfg = Debug|Any CPU
		{7106944D-4B24-4BAA-A004-4EA27300E987}.Debug|Any CPU.Build.0 = Debug|Any CPU
		{7106944D-4B24-4BAA-A004-4EA27300E987}.Release|Any CPU.ActiveCfg = Release|Any CPU
		{7106944D-4B24-4BAA-A004-4EA27300E987}.Release|Any CPU.Build.0 = Release|Any CPU
	EndGlobalSection
EndGlobal
